Microsoft Visual Studio Solution File, Format Version 12.00
# Visual Studio 14
VisualStudioVersion = 14.0.25420.1
MinimumVisualStudioVersion = 10.0.40219.1
Project("{8BC9CEB8-8B4A-11D0-8D11-00A0C91BC942}") = "ALL_BUILD", "ALL_BUILD.vcxproj", "{2D65C8E9-933A-3C5C-A971-40769880B5F0}"
	ProjectSection(ProjectDependencies) = postProject
		{4CDB091F-4E21-3789-A74A-38FCD6A93BAD} = {4CDB091F-4E21-3789-A74A-38FCD6A93BAD}
		{0B90DA45-E932-39A8-B494-1B4CD71C7D40} = {0B90DA45-E932-39A8-B494-1B4CD71C7D40}
		{1C36124C-EB13-32F4-92D0-2727C84B17DD} = {1C36124C-EB13-32F4-92D0-2727C84B17DD}
		{B5D83D73-7B5B-3F5F-9DFC-7AFB5D2C4A69} = {B5D83D73-7B5B-3F5F-9DFC-7AFB5D2C4A69}
		{DB9D5ADC-FCA4-33D4-9E6E-09455ABCB030} = {DB9D5ADC-FCA4-33D4-9E6E-09455ABCB030}
		{434541E3-017C-3847-AE3A-36ED3172A088} = {434541E3-017C-3847-AE3A-36ED3172A088}
		{CE1174E6-DED9-3698-AF8C-A4145E053D6A} = {CE1174E6-DED9-3698-AF8C-A4145E053D6A}
	EndProjectSection
EndProject
Project("{8BC9CEB8-8B4A-11D0-8D11-00A0C91BC942}") = "INSTALL", "INSTALL.vcxproj", "{516102D9-55CF-3653-9343-1668991DB281}"
	ProjectSection(ProjectDependencies) = postProject
		{CE1174E6-DED9-3698-AF8C-A4145E053D6A} = {CE1174E6-DED9-3698-AF8C-A4145E053D6A}
		{2D65C8E9-933A-3C5C-A971-40769880B5F0} = {2D65C8E9-933A-3C5C-A971-40769880B5F0}
	EndProjectSection
EndProject
Project("{8BC9CEB8-8B4A-11D0-8D11-00A0C91BC942}") = "ZERO_CHECK", "ZERO_CHECK.vcxproj", "{CE1174E6-DED9-3698-AF8C-A4145E053D6A}"
EndProject
Project("{8BC9CEB8-8B4A-11D0-8D11-00A0C91BC942}") = "asmjit", "asmjit.vcxproj", "{B5D83D73-7B5B-3F5F-9DFC-7AFB5D2C4A69}"
	ProjectSection(ProjectDependencies) = postProject
		{CE1174E6-DED9-3698-AF8C-A4145E053D6A} = {CE1174E6-DED9-3698-AF8C-A4145E053D6A}
	EndProjectSection
EndProject
Project("{8BC9CEB8-8B4A-11D0-8D11-00A0C91BC942}") = "asmjit_bench_x86", "asmjit_bench_x86.vcxproj", "{DB9D5ADC-FCA4-33D4-9E6E-09455ABCB030}"
	ProjectSection(ProjectDependencies) = postProject
		{B5D83D73-7B5B-3F5F-9DFC-7AFB5D2C4A69} = {B5D83D73-7B5B-3F5F-9DFC-7AFB5D2C4A69}
		{CE1174E6-DED9-3698-AF8C-A4145E053D6A} = {CE1174E6-DED9-3698-AF8C-A4145E053D6A}
	EndProjectSection
EndProject
Project("{8BC9CEB8-8B4A-11D0-8D11-00A0C91BC942}") = "asmjit_test_opcode", "asmjit_test_opcode.vcxproj", "{4CDB091F-4E21-3789-A74A-38FCD6A93BAD}"
	ProjectSection(ProjectDependencies) = postProject
		{B5D83D73-7B5B-3F5F-9DFC-7AFB5D2C4A69} = {B5D83D73-7B5B-3F5F-9DFC-7AFB5D2C4A69}
		{CE1174E6-DED9-3698-AF8C-A4145E053D6A} = {CE1174E6-DED9-3698-AF8C-A4145E053D6A}
	EndProjectSection
EndProject
Project("{8BC9CEB8-8B4A-11D0-8D11-00A0C91BC942}") = "asmjit_test_unit", "asmjit_test_unit.vcxproj", "{1C36124C-EB13-32F4-92D0-2727C84B17DD}"
	ProjectSection(ProjectDependencies) = postProject
		{CE1174E6-DED9-3698-AF8C-A4145E053D6A} = {CE1174E6-DED9-3698-AF8C-A4145E053D6A}
	EndProjectSection
EndProject
Project("{8BC9CEB8-8B4A-11D0-8D11-00A0C91BC942}") = "asmjit_test_x86_asm", "asmjit_test_x86_asm.vcxproj", "{434541E3-017C-3847-AE3A-36ED3172A088}"
	ProjectSection(ProjectDependencies) = postProject
		{B5D83D73-7B5B-3F5F-9DFC-7AFB5D2C4A69} = {B5D83D73-7B5B-3F5F-9DFC-7AFB5D2C4A69}
		{CE1174E6-DED9-3698-AF8C-A4145E053D6A} = {CE1174E6-DED9-3698-AF8C-A4145E053D6A}
	EndProjectSection
EndProject
Project("{8BC9CEB8-8B4A-11D0-8D11-00A0C91BC942}") = "asmjit_test_x86_cc", "asmjit_test_x86_cc.vcxproj", "{0B90DA45-E932-39A8-B494-1B4CD71C7D40}"
	ProjectSection(ProjectDependencies) = postProject
		{B5D83D73-7B5B-3F5F-9DFC-7AFB5D2C4A69} = {B5D83D73-7B5B-3F5F-9DFC-7AFB5D2C4A69}
		{CE1174E6-DED9-3698-AF8C-A4145E053D6A} = {CE1174E6-DED9-3698-AF8C-A4145E053D6A}
	EndProjectSection
EndProject
Project("{8BC9CEB8-8B4A-11D0-8D11-00A0C91BC942}") = "myasmjit", "..\myasmjit\myasmjit.vcxproj", "{5A91F81D-3FD5-4B69-A7B4-3ECC1F18EE6C}"
	ProjectSection(ProjectDependencies) = postProject
		{B5D83D73-7B5B-3F5F-9DFC-7AFB5D2C4A69} = {B5D83D73-7B5B-3F5F-9DFC-7AFB5D2C4A69}
	EndProjectSection
EndProject
Global
	GlobalSection(SolutionConfigurationPlatforms) = preSolution
		Debug|x64 = Debug|x64
		Debug|x86 = Debug|x86
		MinSizeRel|x64 = MinSizeRel|x64
		MinSizeRel|x86 = MinSizeRel|x86
		Release|x64 = Release|x64
		Release|x86 = Release|x86
		RelWithDebInfo|x64 = RelWithDebInfo|x64
		RelWithDebInfo|x86 = RelWithDebInfo|x86
	EndGlobalSection
	GlobalSection(ProjectConfigurationPlatforms) = postSolution
		{2D65C8E9-933A-3C5C-A971-40769880B5F0}.Debug|x64.ActiveCfg = Debug|x64
		{2D65C8E9-933A-3C5C-A971-40769880B5F0}.Debug|x64.Build.0 = Debug|x64
		{2D65C8E9-933A-3C5C-A971-40769880B5F0}.Debug|x86.ActiveCfg = Debug|x64
		{2D65C8E9-933A-3C5C-A971-40769880B5F0}.MinSizeRel|x64.ActiveCfg = MinSizeRel|x64
		{2D65C8E9-933A-3C5C-A971-40769880B5F0}.MinSizeRel|x64.Build.0 = MinSizeRel|x64
		{2D65C8E9-933A-3C5C-A971-40769880B5F0}.MinSizeRel|x86.ActiveCfg = MinSizeRel|x64
		{2D65C8E9-933A-3C5C-A971-40769880B5F0}.Release|x64.ActiveCfg = Release|x64
		{2D65C8E9-933A-3C5C-A971-40769880B5F0}.Release|x64.Build.0 = Release|x64
		{2D65C8E9-933A-3C5C-A971-40769880B5F0}.Release|x86.ActiveCfg = Release|x64
		{2D65C8E9-933A-3C5C-A971-40769880B5F0}.RelWithDebInfo|x64.ActiveCfg = RelWithDebInfo|x64
		{2D65C8E9-933A-3C5C-A971-40769880B5F0}.RelWithDebInfo|x64.Build.0 = RelWithDebInfo|x64
		{2D65C8E9-933A-3C5C-A971-40769880B5F0}.RelWithDebInfo|x86.ActiveCfg = RelWithDebInfo|x64
		{516102D9-55CF-3653-9343-1668991DB281}.Debug|x64.ActiveCfg = Debug|x64
		{516102D9-55CF-3653-9343-1668991DB281}.Debug|x86.ActiveCfg = Debug|x64
		{516102D9-55CF-3653-9343-1668991DB281}.MinSizeRel|x64.ActiveCfg = MinSizeRel|x64
		{516102D9-55CF-3653-9343-1668991DB281}.MinSizeRel|x86.ActiveCfg = MinSizeRel|x64
		{516102D9-55CF-3653-9343-1668991DB281}.Release|x64.ActiveCfg = Release|x64
		{516102D9-55CF-3653-9343-1668991DB281}.Release|x86.ActiveCfg = Release|x64
		{516102D9-55CF-3653-9343-1668991DB281}.RelWithDebInfo|x64.ActiveCfg = RelWithDebInfo|x64
		{516102D9-55CF-3653-9343-1668991DB281}.RelWithDebInfo|x86.ActiveCfg = RelWithDebInfo|x64
		{CE1174E6-DED9-3698-AF8C-A4145E053D6A}.Debug|x64.ActiveCfg = Debug|x64
		{CE1174E6-DED9-3698-AF8C-A4145E053D6A}.Debug|x64.Build.0 = Debug|x64
		{CE1174E6-DED9-3698-AF8C-A4145E053D6A}.Debug|x86.ActiveCfg = Debug|x64
		{CE1174E6-DED9-3698-AF8C-A4145E053D6A}.MinSizeRel|x64.ActiveCfg = MinSizeRel|x64
		{CE1174E6-DED9-3698-AF8C-A4145E053D6A}.MinSizeRel|x64.Build.0 = MinSizeRel|x64
		{CE1174E6-DED9-3698-AF8C-A4145E053D6A}.MinSizeRel|x86.ActiveCfg = MinSizeRel|x64
		{CE1174E6-DED9-3698-AF8C-A4145E053D6A}.Release|x64.ActiveCfg = Release|x64
		{CE1174E6-DED9-3698-AF8C-A4145E053D6A}.Release|x64.Build.0 = Release|x64
		{CE1174E6-DED9-3698-AF8C-A4145E053D6A}.Release|x86.ActiveCfg = Release|x64
		{CE1174E6-DED9-3698-AF8C-A4145E053D6A}.RelWithDebInfo|x64.ActiveCfg = RelWithDebInfo|x64
		{CE1174E6-DED9-3698-AF8C-A4145E053D6A}.RelWithDebInfo|x64.Build.0 = RelWithDebInfo|x64
		{CE1174E6-DED9-3698-AF8C-A4145E053D6A}.RelWithDebInfo|x86.ActiveCfg = RelWithDebInfo|x64
		{B5D83D73-7B5B-3F5F-9DFC-7AFB5D2C4A69}.Debug|x64.ActiveCfg = Debug|x64
		{B5D83D73-7B5B-3F5F-9DFC-7AFB5D2C4A69}.Debug|x64.Build.0 = Debug|x64
		{B5D83D73-7B5B-3F5F-9DFC-7AFB5D2C4A69}.Debug|x86.ActiveCfg = Debug|x64
		{B5D83D73-7B5B-3F5F-9DFC-7AFB5D2C4A69}.MinSizeRel|x64.ActiveCfg = MinSizeRel|x64
		{B5D83D73-7B5B-3F5F-9DFC-7AFB5D2C4A69}.MinSizeRel|x64.Build.0 = MinSizeRel|x64
		{B5D83D73-7B5B-3F5F-9DFC-7AFB5D2C4A69}.MinSizeRel|x86.ActiveCfg = MinSizeRel|x64
		{B5D83D73-7B5B-3F5F-9DFC-7AFB5D2C4A69}.Release|x64.ActiveCfg = Release|x64
		{B5D83D73-7B5B-3F5F-9DFC-7AFB5D2C4A69}.Release|x64.Build.0 = Release|x64
		{B5D83D73-7B5B-3F5F-9DFC-7AFB5D2C4A69}.Release|x86.ActiveCfg = Release|x64
		{B5D83D73-7B5B-3F5F-9DFC-7AFB5D2C4A69}.RelWithDebInfo|x64.ActiveCfg = RelWithDebInfo|x64
		{B5D83D73-7B5B-3F5F-9DFC-7AFB5D2C4A69}.RelWithDebInfo|x64.Build.0 = RelWithDebInfo|x64
		{B5D83D73-7B5B-3F5F-9DFC-7AFB5D2C4A69}.RelWithDebInfo|x86.ActiveCfg = RelWithDebInfo|x64
		{DB9D5ADC-FCA4-33D4-9E6E-09455ABCB030}.Debug|x64.ActiveCfg = Debug|x64
		{DB9D5ADC-FCA4-33D4-9E6E-09455ABCB030}.Debug|x64.Build.0 = Debug|x64
		{DB9D5ADC-FCA4-33D4-9E6E-09455ABCB030}.Debug|x86.ActiveCfg = Debug|x64
		{DB9D5ADC-FCA4-33D4-9E6E-09455ABCB030}.MinSizeRel|x64.ActiveCfg = MinSizeRel|x64
		{DB9D5ADC-FCA4-33D4-9E6E-09455ABCB030}.MinSizeRel|x64.Build.0 = MinSizeRel|x64
		{DB9D5ADC-FCA4-33D4-9E6E-09455ABCB030}.MinSizeRel|x86.ActiveCfg = MinSizeRel|x64
		{DB9D5ADC-FCA4-33D4-9E6E-09455ABCB030}.Release|x64.ActiveCfg = Release|x64
		{DB9D5ADC-FCA4-33D4-9E6E-09455ABCB030}.Release|x64.Build.0 = Release|x64
		{DB9D5ADC-FCA4-33D4-9E6E-09455ABCB030}.Release|x86.ActiveCfg = Release|x64
		{DB9D5ADC-FCA4-33D4-9E6E-09455ABCB030}.RelWithDebInfo|x64.ActiveCfg = RelWithDebInfo|x64
		{DB9D5ADC-FCA4-33D4-9E6E-09455ABCB030}.RelWithDebInfo|x64.Build.0 = RelWithDebInfo|x64
		{DB9D5ADC-FCA4-33D4-9E6E-09455ABCB030}.RelWithDebInfo|x86.ActiveCfg = RelWithDebInfo|x64
		{4CDB091F-4E21-3789-A74A-38FCD6A93BAD}.Debug|x64.ActiveCfg = Debug|x64
		{4CDB091F-4E21-3789-A74A-38FCD6A93BAD}.Debug|x64.Build.0 = Debug|x64
		{4CDB091F-4E21-3789-A74A-38FCD6A93BAD}.Debug|x86.ActiveCfg = Debug|x64
		{4CDB091F-4E21-3789-A74A-38FCD6A93BAD}.MinSizeRel|x64.ActiveCfg = MinSizeRel|x64
		{4CDB091F-4E21-3789-A74A-38FCD6A93BAD}.MinSizeRel|x64.Build.0 = MinSizeRel|x64
		{4CDB091F-4E21-3789-A74A-38FCD6A93BAD}.MinSizeRel|x86.ActiveCfg = MinSizeRel|x64
		{4CDB091F-4E21-3789-A74A-38FCD6A93BAD}.Release|x64.ActiveCfg = Release|x64
		{4CDB091F-4E21-3789-A74A-38FCD6A93BAD}.Release|x64.Build.0 = Release|x64
		{4CDB091F-4E21-3789-A74A-38FCD6A93BAD}.Release|x86.ActiveCfg = Release|x64
		{4CDB091F-4E21-3789-A74A-38FCD6A93BAD}.RelWithDebInfo|x64.ActiveCfg = RelWithDebInfo|x64
		{4CDB091F-4E21-3789-A74A-38FCD6A93BAD}.RelWithDebInfo|x64.Build.0 = RelWithDebInfo|x64
		{4CDB091F-4E21-3789-A74A-38FCD6A93BAD}.RelWithDebInfo|x86.ActiveCfg = RelWithDebInfo|x64
		{1C36124C-EB13-32F4-92D0-2727C84B17DD}.Debug|x64.ActiveCfg = Debug|x64
		{1C36124C-EB13-32F4-92D0-2727C84B17DD}.Debug|x64.Build.0 = Debug|x64
		{1C36124C-EB13-32F4-92D0-2727C84B17DD}.Debug|x86.ActiveCfg = Debug|x64
		{1C36124C-EB13-32F4-92D0-2727C84B17DD}.MinSizeRel|x64.ActiveCfg = MinSizeRel|x64
		{1C36124C-EB13-32F4-92D0-2727C84B17DD}.MinSizeRel|x64.Build.0 = MinSizeRel|x64
		{1C36124C-EB13-32F4-92D0-2727C84B17DD}.MinSizeRel|x86.ActiveCfg = MinSizeRel|x64
		{1C36124C-EB13-32F4-92D0-2727C84B17DD}.Release|x64.ActiveCfg = Release|x64
		{1C36124C-EB13-32F4-92D0-2727C84B17DD}.Release|x64.Build.0 = Release|x64
		{1C36124C-EB13-32F4-92D0-2727C84B17DD}.Release|x86.ActiveCfg = Release|x64
		{1C36124C-EB13-32F4-92D0-2727C84B17DD}.RelWithDebInfo|x64.ActiveCfg = RelWithDebInfo|x64
		{1C36124C-EB13-32F4-92D0-2727C84B17DD}.RelWithDebInfo|x64.Build.0 = RelWithDebInfo|x64
		{1C36124C-EB13-32F4-92D0-2727C84B17DD}.RelWithDebInfo|x86.ActiveCfg = RelWithDebInfo|x64
		{434541E3-017C-3847-AE3A-36ED3172A088}.Debug|x64.ActiveCfg = Debug|x64
		{434541E3-017C-3847-AE3A-36ED3172A088}.Debug|x64.Build.0 = Debug|x64
		{434541E3-017C-3847-AE3A-36ED3172A088}.Debug|x86.ActiveCfg = Debug|x64
		{434541E3-017C-3847-AE3A-36ED3172A088}.MinSizeRel|x64.ActiveCfg = MinSizeRel|x64
		{434541E3-017C-3847-AE3A-36ED3172A088}.MinSizeRel|x64.Build.0 = MinSizeRel|x64
		{434541E3-017C-3847-AE3A-36ED3172A088}.MinSizeRel|x86.ActiveCfg = MinSizeRel|x64
		{434541E3-017C-3847-AE3A-36ED3172A088}.Release|x64.ActiveCfg = Release|x64
		{434541E3-017C-3847-AE3A-36ED3172A088}.Release|x64.Build.0 = Release|x64
		{434541E3-017C-3847-AE3A-36ED3172A088}.Release|x86.ActiveCfg = Release|x64
		{434541E3-017C-3847-AE3A-36ED3172A088}.RelWithDebInfo|x64.ActiveCfg = RelWithDebInfo|x64
		{434541E3-017C-3847-AE3A-36ED3172A088}.RelWithDebInfo|x64.Build.0 = RelWithDebInfo|x64
		{434541E3-017C-3847-AE3A-36ED3172A088}.RelWithDebInfo|x86.ActiveCfg = RelWithDebInfo|x64
		{0B90DA45-E932-39A8-B494-1B4CD71C7D40}.Debug|x64.ActiveCfg = Debug|x64
		{0B90DA45-E932-39A8-B494-1B4CD71C7D40}.Debug|x64.Build.0 = Debug|x64
		{0B90DA45-E932-39A8-B494-1B4CD71C7D40}.Debug|x86.ActiveCfg = Debug|x64
		{0B90DA45-E932-39A8-B494-1B4CD71C7D40}.MinSizeRel|x64.ActiveCfg = MinSizeRel|x64
		{0B90DA45-E932-39A8-B494-1B4CD71C7D40}.MinSizeRel|x64.Build.0 = MinSizeRel|x64
		{0B90DA45-E932-39A8-B494-1B4CD71C7D40}.MinSizeRel|x86.ActiveCfg = MinSizeRel|x64
		{0B90DA45-E932-39A8-B494-1B4CD71C7D40}.Release|x64.ActiveCfg = Release|x64
		{0B90DA45-E932-39A8-B494-1B4CD71C7D40}.Release|x64.Build.0 = Release|x64
		{0B90DA45-E932-39A8-B494-1B4CD71C7D40}.Release|x86.ActiveCfg = Release|x64
		{0B90DA45-E932-39A8-B494-1B4CD71C7D40}.RelWithDebInfo|x64.ActiveCfg = RelWithDebInfo|x64
		{0B90DA45-E932-39A8-B494-1B4CD71C7D40}.RelWithDebInfo|x64.Build.0 = RelWithDebInfo|x64
		{0B90DA45-E932-39A8-B494-1B4CD71C7D40}.RelWithDebInfo|x86.ActiveCfg = RelWithDebInfo|x64
		{5A91F81D-3FD5-4B69-A7B4-3ECC1F18EE6C}.Debug|x64.ActiveCfg = Debug|x64
		{5A91F81D-3FD5-4B69-A7B4-3ECC1F18EE6C}.Debug|x64.Build.0 = Debug|x64
		{5A91F81D-3FD5-4B69-A7B4-3ECC1F18EE6C}.Debug|x86.ActiveCfg = Debug|Win32
		{5A91F81D-3FD5-4B69-A7B4-3ECC1F18EE6C}.Debug|x86.Build.0 = Debug|Win32
		{5A91F81D-3FD5-4B69-A7B4-3ECC1F18EE6C}.MinSizeRel|x64.ActiveCfg = Release|x64
		{5A91F81D-3FD5-4B69-A7B4-3ECC1F18EE6C}.MinSizeRel|x64.Build.0 = Release|x64
		{5A91F81D-3FD5-4B69-A7B4-3ECC1F18EE6C}.MinSizeRel|x86.ActiveCfg = Release|Win32
		{5A91F81D-3FD5-4B69-A7B4-3ECC1F18EE6C}.MinSizeRel|x86.Build.0 = Release|Win32
		{5A91F81D-3FD5-4B69-A7B4-3ECC1F18EE6C}.Release|x64.ActiveCfg = Release|x64
		{5A91F81D-3FD5-4B69-A7B4-3ECC1F18EE6C}.Release|x64.Build.0 = Release|x64
		{5A91F81D-3FD5-4B69-A7B4-3ECC1F18EE6C}.Release|x86.ActiveCfg = Release|Win32
		{5A91F81D-3FD5-4B69-A7B4-3ECC1F18EE6C}.Release|x86.Build.0 = Release|Win32
		{5A91F81D-3FD5-4B69-A7B4-3ECC1F18EE6C}.RelWithDebInfo|x64.ActiveCfg = Release|x64
		{5A91F81D-3FD5-4B69-A7B4-3ECC1F18EE6C}.RelWithDebInfo|x64.Build.0 = Release|x64
		{5A91F81D-3FD5-4B69-A7B4-3ECC1F18EE6C}.RelWithDebInfo|x86.ActiveCfg = Release|Win32
		{5A91F81D-3FD5-4B69-A7B4-3ECC1F18EE6C}.RelWithDebInfo|x86.Build.0 = Release|Win32
	EndGlobalSection
	GlobalSection(SolutionProperties) = preSolution
		HideSolutionNode = FALSE
	EndGlobalSection
	GlobalSection(ExtensibilityGlobals) = postSolution
		SolutionGuid = {90188FBB-7FA9-3CB7-BFD3-60296218737C}
	EndGlobalSection
EndGlobal
