<?xml version="1.0" encoding="utf-8"?>
<Project ToolsVersion="14.0" xmlns="http://schemas.microsoft.com/developer/msbuild/2003">
  <ItemGroup>
    <ClCompile Include="E:\asmjit-master\test\asmjit_test_opcode.cpp">
      <Filter>Source Files</Filter>
    </ClCompile>
  </ItemGroup>
  <ItemGroup>
    <Filter Include="Source Files">
      <UniqueIdentifier>{D91E8F9F-3D0A-3504-9823-00D1DCDDFD9E}</UniqueIdentifier>
    </Filter>
  </ItemGroup>
</Project>
